
Microsoft Visual Studio Solution File, Format Version 12.00
# Visual Studio 15
VisualStudioVersion = 15.0.26124.0
MinimumVisualStudioVersion = 15.0.26124.0
Project("{FAE04EC0-301F-11D3-BF4B-00C04F79EFBC}") = "GranaPreta.Kernel", "GranaPreta.Kernel\GranaPreta.Kernel.csproj", "{07E4CA19-2020-41A9-A25D-1761749EC10B}"
EndProject
Project("{FAE04EC0-301F-11D3-BF4B-00C04F79EFBC}") = "GranaPreta.Domain", "GranaPreta.Domain\GranaPreta.Domain.csproj", "{CAB17EF3-4A0A-4789-9932-ADB0D133687E}"
EndProject
Project("{FAE04EC0-301F-11D3-BF4B-00C04F79EFBC}") = "GranaPreta.Data", "GranaPreta.Data\GranaPreta.Data.csproj", "{2913A858-48A9-4DC0-ACB6-D2F994D86120}"
EndProject
Project("{FAE04EC0-301F-11D3-BF4B-00C04F79EFBC}") = "GranaPreta.Application", "GranaPreta.Application\GranaPreta.Application.csproj", "{2C1A9BFD-8C3E-4689-9E01-C91163F9160A}"
EndProject
Project("{FAE04EC0-301F-11D3-BF4B-00C04F79EFBC}") = "GranaPreta.Api", "GranaPreta.Api\GranaPreta.Api.csproj", "{BFD5F97F-E302-4680-922D-6E4EAD27F714}"
EndProject
Global
	GlobalSection(SolutionConfigurationPlatforms) = preSolution
		Debug|Any CPU = Debug|Any CPU
		Debug|x64 = Debug|x64
		Debug|x86 = Debug|x86
		Release|Any CPU = Release|Any CPU
		Release|x64 = Release|x64
		Release|x86 = Release|x86
	EndGlobalSection
	GlobalSection(SolutionProperties) = preSolution
		HideSolutionNode = FALSE
	EndGlobalSection
	GlobalSection(ProjectConfigurationPlatforms) = postSolution
		{07E4CA19-2020-41A9-A25D-1761749EC10B}.Debug|Any CPU.ActiveCfg = Debug|Any CPU
		{07E4CA19-2020-41A9-A25D-1761749EC10B}.Debug|Any CPU.Build.0 = Debug|Any CPU
		{07E4CA19-2020-41A9-A25D-1761749EC10B}.Debug|x64.ActiveCfg = Debug|Any CPU
		{07E4CA19-2020-41A9-A25D-1761749EC10B}.Debug|x64.Build.0 = Debug|Any CPU
		{07E4CA19-2020-41A9-A25D-1761749EC10B}.Debug|x86.ActiveCfg = Debug|Any CPU
		{07E4CA19-2020-41A9-A25D-1761749EC10B}.Debug|x86.Build.0 = Debug|Any CPU
		{07E4CA19-2020-41A9-A25D-1761749EC10B}.Release|Any CPU.ActiveCfg = Release|Any CPU
		{07E4CA19-2020-41A9-A25D-1761749EC10B}.Release|Any CPU.Build.0 = Release|Any CPU
		{07E4CA19-2020-41A9-A25D-1761749EC10B}.Release|x64.ActiveCfg = Release|Any CPU
		{07E4CA19-2020-41A9-A25D-1761749EC10B}.Release|x64.Build.0 = Release|Any CPU
		{07E4CA19-2020-41A9-A25D-1761749EC10B}.Release|x86.ActiveCfg = Release|Any CPU
		{07E4CA19-2020-41A9-A25D-1761749EC10B}.Release|x86.Build.0 = Release|Any CPU
		{CAB17EF3-4A0A-4789-9932-ADB0D133687E}.Debug|Any CPU.ActiveCfg = Debug|Any CPU
		{CAB17EF3-4A0A-4789-9932-ADB0D133687E}.Debug|Any CPU.Build.0 = Debug|Any CPU
		{CAB17EF3-4A0A-4789-9932-ADB0D133687E}.Debug|x64.ActiveCfg = Debug|Any CPU
		{CAB17EF3-4A0A-4789-9932-ADB0D133687E}.Debug|x64.Build.0 = Debug|Any CPU
		{CAB17EF3-4A0A-4789-9932-ADB0D133687E}.Debug|x86.ActiveCfg = Debug|Any CPU
		{CAB17EF3-4A0A-4789-9932-ADB0D133687E}.Debug|x86.Build.0 = Debug|Any CPU
		{CAB17EF3-4A0A-4789-9932-ADB0D133687E}.Release|Any CPU.ActiveCfg = Release|Any CPU
		{CAB17EF3-4A0A-4789-9932-ADB0D133687E}.Release|Any CPU.Build.0 = Release|Any CPU
		{CAB17EF3-4A0A-4789-9932-ADB0D133687E}.Release|x64.ActiveCfg = Release|Any CPU
		{CAB17EF3-4A0A-4789-9932-ADB0D133687E}.Release|x64.Build.0 = Release|Any CPU
		{CAB17EF3-4A0A-4789-9932-ADB0D133687E}.Release|x86.ActiveCfg = Release|Any CPU
		{CAB17EF3-4A0A-4789-9932-ADB0D133687E}.Release|x86.Build.0 = Release|Any CPU
		{2913A858-48A9-4DC0-ACB6-D2F994D86120}.Debug|Any CPU.ActiveCfg = Debug|Any CPU
		{2913A858-48A9-4DC0-ACB6-D2F994D86120}.Debug|Any CPU.Build.0 = Debug|Any CPU
		{2913A858-48A9-4DC0-ACB6-D2F994D86120}.Debug|x64.ActiveCfg = Debug|Any CPU
		{2913A858-48A9-4DC0-ACB6-D2F994D86120}.Debug|x64.Build.0 = Debug|Any CPU
		{2913A858-48A9-4DC0-ACB6-D2F994D86120}.Debug|x86.ActiveCfg = Debug|Any CPU
		{2913A858-48A9-4DC0-ACB6-D2F994D86120}.Debug|x86.Build.0 = Debug|Any CPU
		{2913A858-48A9-4DC0-ACB6-D2F994D86120}.Release|Any CPU.ActiveCfg = Release|Any CPU
		{2913A858-48A9-4DC0-ACB6-D2F994D86120}.Release|Any CPU.Build.0 = Release|Any CPU
		{2913A858-48A9-4DC0-ACB6-D2F994D86120}.Release|x64.ActiveCfg = Release|Any CPU
		{2913A858-48A9-4DC0-ACB6-D2F994D86120}.Release|x64.Build.0 = Release|Any CPU
		{2913A858-48A9-4DC0-ACB6-D2F994D86120}.Release|x86.ActiveCfg = Release|Any CPU
		{2913A858-48A9-4DC0-ACB6-D2F994D86120}.Release|x86.Build.0 = Release|Any CPU
		{2C1A9BFD-8C3E-4689-9E01-C91163F9160A}.Debug|Any CPU.ActiveCfg = Debug|Any CPU
		{2C1A9BFD-8C3E-4689-9E01-C91163F9160A}.Debug|Any CPU.Build.0 = Debug|Any CPU
		{2C1A9BFD-8C3E-4689-9E01-C91163F9160A}.Debug|x64.ActiveCfg = Debug|Any CPU
		{2C1A9BFD-8C3E-4689-9E01-C91163F9160A}.Debug|x64.Build.0 = Debug|Any CPU
		{2C1A9BFD-8C3E-4689-9E01-C91163F9160A}.Debug|x86.ActiveCfg = Debug|Any CPU
		{2C1A9BFD-8C3E-4689-9E01-C91163F9160A}.Debug|x86.Build.0 = Debug|Any CPU
		{2C1A9BFD-8C3E-4689-9E01-C91163F9160A}.Release|Any CPU.ActiveCfg = Release|Any CPU
		{2C1A9BFD-8C3E-4689-9E01-C91163F9160A}.Release|Any CPU.Build.0 = Release|Any CPU
		{2C1A9BFD-8C3E-4689-9E01-C91163F9160A}.Release|x64.ActiveCfg = Release|Any CPU
		{2C1A9BFD-8C3E-4689-9E01-C91163F9160A}.Release|x64.Build.0 = Release|Any CPU
		{2C1A9BFD-8C3E-4689-9E01-C91163F9160A}.Release|x86.ActiveCfg = Release|Any CPU
		{2C1A9BFD-8C3E-4689-9E01-C91163F9160A}.Release|x86.Build.0 = Release|Any CPU
		{BFD5F97F-E302-4680-922D-6E4EAD27F714}.Debug|Any CPU.ActiveCfg = Debug|Any CPU
		{BFD5F97F-E302-4680-922D-6E4EAD27F714}.Debug|Any CPU.Build.0 = Debug|Any CPU
		{BFD5F97F-E302-4680-922D-6E4EAD27F714}.Debug|x64.ActiveCfg = Debug|Any CPU
		{BFD5F97F-E302-4680-922D-6E4EAD27F714}.Debug|x64.Build.0 = Debug|Any CPU
		{BFD5F97F-E302-4680-922D-6E4EAD27F714}.Debug|x86.ActiveCfg = Debug|Any CPU
		{BFD5F97F-E302-4680-922D-6E4EAD27F714}.Debug|x86.Build.0 = Debug|Any CPU
		{BFD5F97F-E302-4680-922D-6E4EAD27F714}.Release|Any CPU.ActiveCfg = Release|Any CPU
		{BFD5F97F-E302-4680-922D-6E4EAD27F714}.Release|Any CPU.Build.0 = Release|Any CPU
		{BFD5F97F-E302-4680-922D-6E4EAD27F714}.Release|x64.ActiveCfg = Release|Any CPU
		{BFD5F97F-E302-4680-922D-6E4EAD27F714}.Release|x64.Build.0 = Release|Any CPU
		{BFD5F97F-E302-4680-922D-6E4EAD27F714}.Release|x86.ActiveCfg = Release|Any CPU
		{BFD5F97F-E302-4680-922D-6E4EAD27F714}.Release|x86.Build.0 = Release|Any CPU
	EndGlobalSection
EndGlobal
